
Microsoft Visual Studio Solution File, Format Version 12.00
# Visual Studio Version 16
VisualStudioVersion = 16.0.29728.190
MinimumVisualStudioVersion = 10.0.40219.1
Project("{FAE04EC0-301F-11D3-BF4B-00C04F79EFBC}") = "ProductsTestTask", "ProductsTestTask\ProductsTestTask.csproj", "{3DEE5D38-E01C-4CF4-9396-2709E5F0E0DA}"
EndProject
Global
	GlobalSection(SolutionConfigurationPlatforms) = preSolution
		Debug|Any CPU = Debug|Any CPU
		Release|Any CPU = Release|Any CPU
	EndGlobalSection
	GlobalSection(ProjectConfigurationPlatforms) = postSolution
		{3DEE5D38-E01C-4CF4-9396-2709E5F0E0DA}.Debug|Any CPU.ActiveCfg = Debug|Any CPU
		{3DEE5D38-E01C-4CF4-9396-2709E5F0E0DA}.Debug|Any CPU.Build.0 = Debug|Any CPU
		{3DEE5D38-E01C-4CF4-9396-2709E5F0E0DA}.Release|Any CPU.ActiveCfg = Release|Any CPU
		{3DEE5D38-E01C-4CF4-9396-2709E5F0E0DA}.Release|Any CPU.Build.0 = Release|Any CPU
	EndGlobalSection
	GlobalSection(SolutionProperties) = preSolution
		HideSolutionNode = FALSE
	EndGlobalSection
	GlobalSection(ExtensibilityGlobals) = postSolution
		SolutionGuid = {98638848-7398-44B3-B618-1BCB16A0EF6F}
	EndGlobalSection
EndGlobal
